
Microsoft Visual Studio Solution File, Format Version 12.00
# Visual Studio Version 17
VisualStudioVersion = 17.1.32228.430
MinimumVisualStudioVersion = 10.0.40219.1
Project("{8BC9CEB8-8B4A-11D0-8D11-00A0C91BC942}") = "2023CPP202", "2023CPP202\2023CPP202.vcxproj", "{9D23AED6-6573-4213-B5FF-AC04A3558A26}"
EndProject
Project("{2150E333-8FDC-42A3-9474-1A3956D46DE8}") = "Solution Items", "Solution Items", "{B8DCBDA0-C4C4-4A7A-BF18-5C5753955113}"
	ProjectSection(SolutionItems) = preProject
		.gitignore = .gitignore
	EndProjectSection
EndProject
Project("{8BC9CEB8-8B4A-11D0-8D11-00A0C91BC942}") = "SnakeGame", "SnakeGame\SnakeGame.vcxproj", "{FA600CE8-BAAF-4B3C-92E7-5082EF06596B}"
EndProject
Project("{8BC9CEB8-8B4A-11D0-8D11-00A0C91BC942}") = "Inheritance", "Inheritance\Inheritance.vcxproj", "{0C88D5F2-7214-4131-9CAA-B2DDE9DEE85A}"
EndProject
Global
	GlobalSection(SolutionConfigurationPlatforms) = preSolution
		Debug|x64 = Debug|x64
		Debug|x86 = Debug|x86
		Release|x64 = Release|x64
		Release|x86 = Release|x86
	EndGlobalSection
	GlobalSection(ProjectConfigurationPlatforms) = postSolution
		{9D23AED6-6573-4213-B5FF-AC04A3558A26}.Debug|x64.ActiveCfg = Debug|x64
		{9D23AED6-6573-4213-B5FF-AC04A3558A26}.Debug|x64.Build.0 = Debug|x64
		{9D23AED6-6573-4213-B5FF-AC04A3558A26}.Debug|x86.ActiveCfg = Debug|Win32
		{9D23AED6-6573-4213-B5FF-AC04A3558A26}.Debug|x86.Build.0 = Debug|Win32
		{9D23AED6-6573-4213-B5FF-AC04A3558A26}.Release|x64.ActiveCfg = Release|x64
		{9D23AED6-6573-4213-B5FF-AC04A3558A26}.Release|x64.Build.0 = Release|x64
		{9D23AED6-6573-4213-B5FF-AC04A3558A26}.Release|x86.ActiveCfg = Release|Win32
		{9D23AED6-6573-4213-B5FF-AC04A3558A26}.Release|x86.Build.0 = Release|Win32
		{FA600CE8-BAAF-4B3C-92E7-5082EF06596B}.Debug|x64.ActiveCfg = Debug|x64
		{FA600CE8-BAAF-4B3C-92E7-5082EF06596B}.Debug|x64.Build.0 = Debug|x64
		{FA600CE8-BAAF-4B3C-92E7-5082EF06596B}.Debug|x86.ActiveCfg = Debug|Win32
		{FA600CE8-BAAF-4B3C-92E7-5082EF06596B}.Debug|x86.Build.0 = Debug|Win32
		{FA600CE8-BAAF-4B3C-92E7-5082EF06596B}.Release|x64.ActiveCfg = Release|x64
		{FA600CE8-BAAF-4B3C-92E7-5082EF06596B}.Release|x64.Build.0 = Release|x64
		{FA600CE8-BAAF-4B3C-92E7-5082EF06596B}.Release|x86.ActiveCfg = Release|Win32
		{FA600CE8-BAAF-4B3C-92E7-5082EF06596B}.Release|x86.Build.0 = Release|Win32
		{0C88D5F2-7214-4131-9CAA-B2DDE9DEE85A}.Debug|x64.ActiveCfg = Debug|x64
		{0C88D5F2-7214-4131-9CAA-B2DDE9DEE85A}.Debug|x64.Build.0 = Debug|x64
		{0C88D5F2-7214-4131-9CAA-B2DDE9DEE85A}.Debug|x86.ActiveCfg = Debug|Win32
		{0C88D5F2-7214-4131-9CAA-B2DDE9DEE85A}.Debug|x86.Build.0 = Debug|Win32
		{0C88D5F2-7214-4131-9CAA-B2DDE9DEE85A}.Release|x64.ActiveCfg = Release|x64
		{0C88D5F2-7214-4131-9CAA-B2DDE9DEE85A}.Release|x64.Build.0 = Release|x64
		{0C88D5F2-7214-4131-9CAA-B2DDE9DEE85A}.Release|x86.ActiveCfg = Release|Win32
		{0C88D5F2-7214-4131-9CAA-B2DDE9DEE85A}.Release|x86.Build.0 = Release|Win32
	EndGlobalSection
	GlobalSection(SolutionProperties) = preSolution
		HideSolutionNode = FALSE
	EndGlobalSection
	GlobalSection(ExtensibilityGlobals) = postSolution
		SolutionGuid = {D6098788-1106-46A9-AF61-3FA8AF0486F8}
	EndGlobalSection
EndGlobal
